PODS:
  - DateTimePicker (2.5.0)
  - MDatePickerView (1.2.3)
  - RAMPaperSwitch (3.1.0)
  - ViewAnimator (3.0.1)

DEPENDENCIES:
  - DateTimePicker
  - MDatePickerView
  - RAMPaperSwitch
  - ViewAnimator

SPEC REPOS:
  trunk:
    - DateTimePicker
    - MDatePickerView
    - RAMPaperSwitch
    - ViewAnimator

SPEC CHECKSUMS:
  DateTimePicker: 9a370913607f360b67ecfc7dcf331911c9b407a6
  MDatePickerView: e26233885de2f13659c6101b3ed265eacf92c078
  RAMPaperSwitch: 4ab6358e37cc90060693f10fb60fb6b73f6492c3
  ViewAnimator: dd18d2f5c1e472f78d0065ff92750fe56cbd2f39

PODFILE CHECKSUM: 9b0046522f71ee5933a2b5d883213d76383da3fe

COCOAPODS: 1.9.3
